
Microsoft Visual Studio Solution File, Format Version 12.00
# Visual Studio 2012
Project("{FAE04EC0-301F-11D3-BF4B-00C04F79EFBC}") = "HomeController", "HomeController\HomeController.csproj", "{8228D0A2-1E2B-40D3-9326-36D4A09B7CFF}"
EndProject
Global
	GlobalSection(SolutionConfigurationPlatforms) = preSolution
		Debug|Any CPU = Debug|Any CPU
		Release|Any CPU = Release|Any CPU
	EndGlobalSection
	GlobalSection(ProjectConfigurationPlatforms) = postSolution
		{8228D0A2-1E2B-40D3-9326-36D4A09B7CFF}.Debug|Any CPU.ActiveCfg = Debug|Any CPU
		{8228D0A2-1E2B-40D3-9326-36D4A09B7CFF}.Debug|Any CPU.Build.0 = Debug|Any CPU
		{8228D0A2-1E2B-40D3-9326-36D4A09B7CFF}.Release|Any CPU.ActiveCfg = Release|Any CPU
		{8228D0A2-1E2B-40D3-9326-36D4A09B7CFF}.Release|Any CPU.Build.0 = Release|Any CPU
	EndGlobalSection
	GlobalSection(SolutionProperties) = preSolution
		HideSolutionNode = FALSE
	EndGlobalSection
EndGlobal
